// !$*UTF8*$!
{
	archiveVersion = 1;
	classes = {
	};
	objectVersion = 46;
	objects = {

/* Begin PBXBuildFile section */
		070FA9F51D6F5968000D277B /* AppDelegate.swift in Sources */ = {isa = PBXBuildFile; fileRef = 070FA9F41D6F5968000D277B /* AppDelegate.swift */; };
		070FA9F71D6F5968000D277B /* ViewController.swift in Sources */ = {isa = PBXBuildFile; fileRef = 070FA9F61D6F5968000D277B /* ViewController.swift */; };
		070FA9FA1D6F5969000D277B /* Main.storyboard in Resources */ = {isa = PBXBuildFile; fileRef = 070FA9F81D6F5969000D277B /* Main.storyboard */; };
		070FA9FC1D6F596A000D277B /* Assets.xcassets in Resources */ = {isa = PBXBuildFile; fileRef = 070FA9FB1D6F596A000D277B /* Assets.xcassets */; };
		070FA9FF1D6F5977000D277B /* LaunchScreen.storyboard in Resources */ = {isa = PBXBuildFile; fileRef = 070FA9FD1D6F5977000D277B /* LaunchScreen.storyboard */; };
		07103FD21D7B4C1500089570 /* GoogleService-Info.plist in Resources */ = {isa = PBXBuildFile; fileRef = 07103FD11D7B4C1500089570 /* GoogleService-Info.plist */; };
		07103FD31D7B4C1500089570 /* GoogleService-Info.plist in Resources */ = {isa = PBXBuildFile; fileRef = 07103FD11D7B4C1500089570 /* GoogleService-Info.plist */; };
		077B3FCB1D7317400081C78B /* UseViewController.swift in Sources */ = {isa = PBXBuildFile; fileRef = 077B3FCA1D7317400081C78B /* UseViewController.swift */; };
		077B3FD31D732C280081C78B /* WarikanUITests.swift in Sources */ = {isa = PBXBuildFile; fileRef = 077B3FD21D732C280081C78B /* WarikanUITests.swift */; };
		42490A705BF66D22C2D749AF /* libPods-WarikanUITests.a in Frameworks */ = {isa = PBXBuildFile; fileRef = 72A93868BDD15C8EC83B8EEA /* libPods-WarikanUITests.a */; };
/* End PBXBuildFile section */

/* Begin PBXContainerItemProxy section */
		077B3FD51D732C280081C78B /* PBXContainerItemProxy */ = {
			isa = PBXContainerItemProxy;
			containerPortal = 070FA9E91D6F5963000D277B /* Project object */;
			proxyType = 1;
			remoteGlobalIDString = 070FA9F01D6F5964000D277B;
			remoteInfo = Warikan;
		};
/* End PBXContainerItemProxy section */

/* Begin PBXFileReference section */
		070FA9F11D6F5966000D277B /* Warikan.app */ = {isa = PBXFileReference; explicitFileType = wrapper.application; includeInIndex = 0; path = Warikan.app; sourceTree = BUILT_PRODUCTS_DIR; };
		070FA9F41D6F5968000D277B /* AppDelegate.swift */ = {isa = PBXFileReference; lastKnownFileType = sourcecode.swift; path = AppDelegate.swift; sourceTree = "<group>"; };
		070FA9F61D6F5968000D277B /* ViewController.swift */ = {isa = PBXFileReference; lastKnownFileType = sourcecode.swift; path = ViewController.swift; sourceTree = "<group>"; };
		070FA9F91D6F5969000D277B /* Base */ = {isa = PBXFileReference; lastKnownFileType = file.storyboard; name = Base; path = Base.lproj/Main.storyboard; sourceTree = "<group>"; };
		070FA9FB1D6F596A000D277B /* Assets.xcassets */ = {isa = PBXFileReference; lastKnownFileType = folder.assetcatalog; path = Assets.xcassets; sourceTree = "<group>"; };
		070FA9FE1D6F5977000D277B /* Base */ = {isa = PBXFileReference; lastKnownFileType = file.storyboard; name = Base; path = Base.lproj/LaunchScreen.storyboard; sourceTree = "<group>"; };
		070FAA001D6F5977000D277B /* Info.plist */ = {isa = PBXFileReference; lastKnownFileType = text.plist.xml; path = Info.plist; sourceTree = "<group>"; };
		07103FD11D7B4C1500089570 /* GoogleService-Info.plist */ = {isa = PBXFileReference; fileEncoding = 4; lastKnownFileType = text.plist.xml; name = "GoogleService-Info.plist"; path = "../../../Downloads/GoogleService-Info.plist"; sourceTree = "<group>"; };
		077B3FCA1D7317400081C78B /* UseViewController.swift */ = {isa = PBXFileReference; fileEncoding = 4; lastKnownFileType = sourcecode.swift; path = UseViewController.swift; sourceTree = "<group>"; };
		077B3FD01D732C260081C78B /* WarikanUITests.xctest */ = {isa = PBXFileReference; explicitFileType = wrapper.cfbundle; includeInIndex = 0; path = WarikanUITests.xctest; sourceTree = BUILT_PRODUCTS_DIR; };
		077B3FD21D732C280081C78B /* WarikanUITests.swift */ = {isa = PBXFileReference; lastKnownFileType = sourcecode.swift; path = WarikanUITests.swift; sourceTree = "<group>"; };
		077B3FD41D732C280081C78B /* Info.plist */ = {isa = PBXFileReference; lastKnownFileType = text.plist.xml; path = Info.plist; sourceTree = "<group>"; };
		6A178A2FDEF55E4B1CD73455 /* libPods-Warikan.a */ = {isa = PBXFileReference; explicitFileType = archive.ar; includeInIndex = 0; path = "libPods-Warikan.a"; sourceTree = BUILT_PRODUCTS_DIR; };
		72A93868BDD15C8EC83B8EEA /* libPods-WarikanUITests.a */ = {isa = PBXFileReference; explicitFileType = archive.ar; includeInIndex = 0; path = "libPods-WarikanUITests.a"; sourceTree = BUILT_PRODUCTS_DIR; };
/* End PBXFileReference section */

/* Begin PBXFrameworksBuildPhase section */
		070FA9EE1D6F5964000D277B /* Frameworks */ = {
			isa = PBXFrameworksBuildPhase;
			buildActionMask = 2147483647;
			files = (
			);
			runOnlyForDeploymentPostprocessing = 0;
		};
		077B3FCD1D732C260081C78B /* Frameworks */ = {
			isa = PBXFrameworksBuildPhase;
			buildActionMask = 2147483647;
			files = (
				42490A705BF66D22C2D749AF /* libPods-WarikanUITests.a in Frameworks */,
			);
			runOnlyForDeploymentPostprocessing = 0;
		};
/* End PBXFrameworksBuildPhase section */

/* Begin PBXGroup section */
		070FA9E81D6F5963000D277B = {
			isa = PBXGroup;
			children = (
				070FA9F31D6F5968000D277B /* Warikan */,
				077B3FD11D732C280081C78B /* WarikanUITests */,
				070FA9F21D6F5966000D277B /* Products */,
				A38DDC7618BB6F7ADA93BFC1 /* Frameworks */,
			);
			sourceTree = "<group>";
		};
		070FA9F21D6F5966000D277B /* Products */ = {
			isa = PBXGroup;
			children = (
				070FA9F11D6F5966000D277B /* Warikan.app */,
				077B3FD01D732C260081C78B /* WarikanUITests.xctest */,
			);
			name = Products;
			sourceTree = "<group>";
		};
		070FA9F31D6F5968000D277B /* Warikan */ = {
			isa = PBXGroup;
			children = (
				07103FD11D7B4C1500089570 /* GoogleService-Info.plist */,
				070FA9F41D6F5968000D277B /* AppDelegate.swift */,
				070FA9F61D6F5968000D277B /* ViewController.swift */,
				077B3FCA1D7317400081C78B /* UseViewController.swift */,
				070FA9F81D6F5969000D277B /* Main.storyboard */,
				070FA9FB1D6F596A000D277B /* Assets.xcassets */,
				070FA9FD1D6F5977000D277B /* LaunchScreen.storyboard */,
				070FAA001D6F5977000D277B /* Info.plist */,
			);
			path = Warikan;
			sourceTree = "<group>";
		};
		077B3FD11D732C280081C78B /* WarikanUITests */ = {
			isa = PBXGroup;
			children = (
				077B3FD21D732C280081C78B /* WarikanUITests.swift */,
				077B3FD41D732C280081C78B /* Info.plist */,
			);
			path = WarikanUITests;
			sourceTree = "<group>";
		};
		A38DDC7618BB6F7ADA93BFC1 /* Frameworks */ = {
			isa = PBXGroup;
			children = (
				6A178A2FDEF55E4B1CD73455 /* libPods-Warikan.a */,
				72A93868BDD15C8EC83B8EEA /* libPods-WarikanUITests.a */,
			);
			name = Frameworks;
			sourceTree = "<group>";
		};
/* End PBXGroup section */

/* Begin PBXNativeTarget section */
		070FA9F01D6F5964000D277B /* Warikan */ = {
			isa = PBXNativeTarget;
			buildConfigurationList = 070FAA031D6F5978000D277B /* Build configuration list for PBXNativeTarget "Warikan" */;
			buildPhases = (
				070FA9ED1D6F5964000D277B /* Sources */,
				070FA9EE1D6F5964000D277B /* Frameworks */,
				070FA9EF1D6F5964000D277B /* Resources */,
			);
			buildRules = (
			);
			dependencies = (
			);
			name = Warikan;
			productName = Warikan;
			productReference = 070FA9F11D6F5966000D277B /* Warikan.app */;
			productType = "com.apple.product-type.application";
		};
		077B3FCF1D732C260081C78B /* WarikanUITests */ = {
			isa = PBXNativeTarget;
			buildConfigurationList = 077B3FD71D732C280081C78B /* Build configuration list for PBXNativeTarget "WarikanUITests" */;
			buildPhases = (
				F7F6CAEF78746B84EB82EA93 /* Check Pods Manifest.lock */,
				077B3FCC1D732C260081C78B /* Sources */,
				077B3FCD1D732C260081C78B /* Frameworks */,
				077B3FCE1D732C260081C78B /* Resources */,
				39C455F154E0BE85783EEA29 /* Copy Pods Resources */,
			);
			buildRules = (
			);
			dependencies = (
				077B3FD61D732C280081C78B /* PBXTargetDependency */,
			);
			name = WarikanUITests;
			productName = WarikanUITests;
			productReference = 077B3FD01D732C260081C78B /* WarikanUITests.xctest */;
			productType = "com.apple.product-type.bundle.ui-testing";
		};
/* End PBXNativeTarget section */

/* Begin PBXProject section */
		070FA9E91D6F5963000D277B /* Project object */ = {
			isa = PBXProject;
			attributes = {
				LastSwiftUpdateCheck = 0730;
				LastUpgradeCheck = 0730;
				ORGANIZATIONNAME = Sgtmt;
				TargetAttributes = {
					070FA9F01D6F5964000D277B = {
						CreatedOnToolsVersion = 7.3;
						DevelopmentTeam = 7LQ42EZUAN;
					};
					077B3FCF1D732C260081C78B = {
						CreatedOnToolsVersion = 7.3;
						TestTargetID = 070FA9F01D6F5964000D277B;
					};
				};
			};
			buildConfigurationList = 070FA9EC1D6F5964000D277B /* Build configuration list for PBXProject "Warikan" */;
			compatibilityVersion = "Xcode 3.2";
			developmentRegion = English;
			hasScannedForEncodings = 0;
			knownRegions = (
				en,
				Base,
			);
			mainGroup = 070FA9E81D6F5963000D277B;
			productRefGroup = 070FA9F21D6F5966000D277B /* Products */;
			projectDirPath = "";
			projectRoot = "";
			targets = (
				070FA9F01D6F5964000D277B /* Warikan */,
				077B3FCF1D732C260081C78B /* WarikanUITests */,
			);
		};
/* End PBXProject section */

/* Begin PBXResourcesBuildPhase section */
		070FA9EF1D6F5964000D277B /* Resources */ = {
			isa = PBXResourcesBuildPhase;
			buildActionMask = 2147483647;
			files = (
				070FA9FF1D6F5977000D277B /* LaunchScreen.storyboard in Resources */,
				07103FD21D7B4C1500089570 /* GoogleService-Info.plist in Resources */,
				070FA9FC1D6F596A000D277B /* Assets.xcassets in Resources */,
				070FA9FA1D6F5969000D277B /* Main.storyboard in Resources */,
			);
			runOnlyForDeploymentPostprocessing = 0;
		};
		077B3FCE1D732C260081C78B /* Resources */ = {
			isa = PBXResourcesBuildPhase;
			buildActionMask = 2147483647;
			files = (
				07103FD31D7B4C1500089570 /* GoogleService-Info.plist in Resources */,
			);
			runOnlyForDeploymentPostprocessing = 0;
		};
/* End PBXResourcesBuildPhase section */

/* Begin PBXShellScriptBuildPhase section */
		39C455F154E0BE85783EEA29 /* Copy Pods Resources */ = {
			isa = PBXShellScriptBuildPhase;
			buildActionMask = 2147483647;
			files = (
			);
			inputPaths = (
			);
			name = "Copy Pods Resources";
			outputPaths = (
			);
			runOnlyForDeploymentPostprocessing = 0;
			shellPath = /bin/sh;
			shellScript = "\"${SRCROOT}/Pods/Target Support Files/Pods-WarikanUITests/Pods-WarikanUITests-resources.sh\"\n";
			showEnvVarsInLog = 0;
		};
		F7F6CAEF78746B84EB82EA93 /* Check Pods Manifest.lock */ = {
			isa = PBXShellScriptBuildPhase;
			buildActionMask = 2147483647;
			files = (
			);
			inputPaths = (
			);
			name = "Check Pods Manifest.lock";
			outputPaths = (
			);
			runOnlyForDeploymentPostprocessing = 0;
			shellPath = /bin/sh;
			shellScript = "diff \"${PODS_ROOT}/../Podfile.lock\" \"${PODS_ROOT}/Manifest.lock\" > /dev/null\nif [[ $? != 0 ]] ; then\n    cat << EOM\nerror: The sandbox is not in sync with the Podfile.lock. Run 'pod install' or update your CocoaPods installation.\nEOM\n    exit 1\nfi\n";
			showEnvVarsInLog = 0;
		};
/* End PBXShellScriptBuildPhase section */

/* Begin PBXSourcesBuildPhase section */
		070FA9ED1D6F5964000D277B /* Sources */ = {
			isa = PBXSourcesBuildPhase;
			buildActionMask = 2147483647;
			files = (
				070FA9F71D6F5968000D277B /* ViewController.swift in Sources */,
				077B3FCB1D7317400081C78B /* UseViewController.swift in Sources */,
				070FA9F51D6F5968000D277B /* AppDelegate.swift in Sources */,
			);
			runOnlyForDeploymentPostprocessing = 0;
		};
		077B3FCC1D732C260081C78B /* Sources */ = {
			isa = PBXSourcesBuildPhase;
			buildActionMask = 2147483647;
			files = (
				077B3FD31D732C280081C78B /* WarikanUITests.swift in Sources */,
			);
			runOnlyForDeploymentPostprocessing = 0;
		};
/* End PBXSourcesBuildPhase section */

/* Begin PBXTargetDependency section */
		077B3FD61D732C280081C78B /* PBXTargetDependency */ = {
			isa = PBXTargetDependency;
			target = 070FA9F01D6F5964000D277B /* Warikan */;
			targetProxy = 077B3FD51D732C280081C78B /* PBXContainerItemProxy */;
		};
/* End PBXTargetDependency section */

/* Begin PBXVariantGroup section */
		070FA9F81D6F5969000D277B /* Main.storyboard */ = {
			isa = PBXVariantGroup;
			children = (
				070FA9F91D6F5969000D277B /* Base */,
			);
			name = Main.storyboard;
			sourceTree = "<group>";
		};
		070FA9FD1D6F5977000D277B /* LaunchScreen.storyboard */ = {
			isa = PBXVariantGroup;
			children = (
				070FA9FE1D6F5977000D277B /* Base */,
			);
			name = LaunchScreen.storyboard;
			sourceTree = "<group>";
		};
/* End PBXVariantGroup section */

/* Begin XCBuildConfiguration section */
		070FAA011D6F5977000D277B /* Debug */ = {
			isa = XCBuildConfiguration;
			buildSettings = {
				ALWAYS_SEARCH_USER_PATHS = NO;
				CLANG_ANALYZER_NONNULL = YES;
				CLANG_CXX_LANGUAGE_STANDARD = "gnu++0x";
				CLANG_CXX_LIBRARY = "libc++";
				CLANG_ENABLE_MODULES = YES;
				CLANG_ENABLE_OBJC_ARC = YES;
				CLANG_WARN_BOOL_CONVERSION = YES;
				CLANG_WARN_CONSTANT_CONVERSION = YES;
				CLANG_WARN_DIRECT_OBJC_ISA_USAGE = YES_ERROR;
				CLANG_WARN_EMPTY_BODY = YES;
				CLANG_WARN_ENUM_CONVERSION = YES;
				CLANG_WARN_INT_CONVERSION = YES;
				CLANG_WARN_OBJC_ROOT_CLASS = YES_ERROR;
				CLANG_WARN_UNREACHABLE_CODE = YES;
				CLANG_WARN__DUPLICATE_METHOD_MATCH = YES;
				"CODE_SIGN_IDENTITY[sdk=iphoneos*]" = "iPhone Developer";
				COPY_PHASE_STRIP = NO;
				DEBUG_INFORMATION_FORMAT = dwarf;
				ENABLE_STRICT_OBJC_MSGSEND = YES;
				ENABLE_TESTABILITY = YES;
				GCC_C_LANGUAGE_STANDARD = gnu99;
				GCC_DYNAMIC_NO_PIC = NO;
				GCC_NO_COMMON_BLOCKS = YES;
				GCC_OPTIMIZATION_LEVEL = 0;
				GCC_PREPROCESSOR_DEFINITIONS = (
					"DEBUG=1",
					"$(inherited)",
				);
				GCC_WARN_64_TO_32_BIT_CONVERSION = YES;
				GCC_WARN_ABOUT_RETURN_TYPE = YES_ERROR;
				GCC_WARN_UNDECLARED_SELECTOR = YES;
				GCC_WARN_UNINITIALIZED_AUTOS = YES_AGGRESSIVE;
				GCC_WARN_UNUSED_FUNCTION = YES;
				GCC_WARN_UNUSED_VARIABLE = YES;
				IPHONEOS_DEPLOYMENT_TARGET = 9.3;
				MTL_ENABLE_DEBUG_INFO = YES;
				ONLY_ACTIVE_ARCH = YES;
				SDKROOT = iphoneos;
				SWIFT_OPTIMIZATION_LEVEL = "-Onone";
			};
			name = Debug;
		};
		070FAA021D6F5978000D277B /* Release */ = {
			isa = XCBuildConfiguration;
			buildSettings = {
				ALWAYS_SEARCH_USER_PATHS = NO;
				CLANG_ANALYZER_NONNULL = YES;
				CLANG_CXX_LANGUAGE_STANDARD = "gnu++0x";
				CLANG_CXX_LIBRARY = "libc++";
				CLANG_ENABLE_MODULES = YES;
				CLANG_ENABLE_OBJC_ARC = YES;
				CLANG_WARN_BOOL_CONVERSION = YES;
				CLANG_WARN_CONSTANT_CONVERSION = YES;
				CLANG_WARN_DIRECT_OBJC_ISA_USAGE = YES_ERROR;
				CLANG_WARN_EMPTY_BODY = YES;
				CLANG_WARN_ENUM_CONVERSION = YES;
				CLANG_WARN_INT_CONVERSION = YES;
				CLANG_WARN_OBJC_ROOT_CLASS = YES_ERROR;
				CLANG_WARN_UNREACHABLE_CODE = YES;
				CLANG_WARN__DUPLICATE_METHOD_MATCH = YES;
				"CODE_SIGN_IDENTITY[sdk=iphoneos*]" = "iPhone Developer";
				COPY_PHASE_STRIP = NO;
				DEBUG_INFORMATION_FORMAT = "dwarf-with-dsym";
				ENABLE_NS_ASSERTIONS = NO;
				ENABLE_STRICT_OBJC_MSGSEND = YES;
				GCC_C_LANGUAGE_STANDARD = gnu99;
				GCC_NO_COMMON_BLOCKS = YES;
				GCC_WARN_64_TO_32_BIT_CONVERSION = YES;
				GCC_WARN_ABOUT_RETURN_TYPE = YES_ERROR;
				GCC_WARN_UNDECLARED_SELECTOR = YES;
				GCC_WARN_UNINITIALIZED_AUTOS = YES_AGGRESSIVE;
				GCC_WARN_UNUSED_FUNCTION = YES;
				GCC_WARN_UNUSED_VARIABLE = YES;
				IPHONEOS_DEPLOYMENT_TARGET = 9.3;
				MTL_ENABLE_DEBUG_INFO = NO;
				SDKROOT = iphoneos;
				VALIDATE_PRODUCT = YES;
			};
			name = Release;
		};
		070FAA041D6F5978000D277B /* Debug */ = {
			isa = XCBuildConfiguration;
			buildSettings = {
				ASSETCATALOG_COMPILER_APPICON_NAME = AppIcon;
				CODE_SIGN_IDENTITY = "iPhone Developer";
				"CODE_SIGN_IDENTITY[sdk=iphoneos*]" = "iPhone Developer";
				INFOPLIST_FILE = Warikan/Info.plist;
				LD_RUNPATH_SEARCH_PATHS = "$(inherited) @executable_path/Frameworks";
				PRODUCT_BUNDLE_IDENTIFIER = com.sgtmt.jp.Warikan;
				PRODUCT_NAME = "$(TARGET_NAME)";
				PROVISIONING_PROFILE = "";
			};
			name = Debug;
		};
		070FAA051D6F5978000D277B /* Release */ = {
			isa = XCBuildConfiguration;
			buildSettings = {
				ASSETCATALOG_COMPILER_APPICON_NAME = AppIcon;
				CODE_SIGN_IDENTITY = "iPhone Developer";
				"CODE_SIGN_IDENTITY[sdk=iphoneos*]" = "iPhone Developer";
				INFOPLIST_FILE = Warikan/Info.plist;
				LD_RUNPATH_SEARCH_PATHS = "$(inherited) @executable_path/Frameworks";
				PRODUCT_BUNDLE_IDENTIFIER = com.sgtmt.jp.Warikan;
				PRODUCT_NAME = "$(TARGET_NAME)";
				PROVISIONING_PROFILE = "";
			};
			name = Release;
		};
		077B3FD81D732C280081C78B /* Debug */ = {
			isa = XCBuildConfiguration;
			buildSettings = {
				INFOPLIST_FILE = WarikanUITests/Info.plist;
				LD_RUNPATH_SEARCH_PATHS = "$(inherited) @executable_path/Frameworks @loader_path/Frameworks";
				PRODUCT_BUNDLE_IDENTIFIER = com.sgtmt.jp.WarikanUITests;
				PRODUCT_NAME = "$(TARGET_NAME)";
				TEST_TARGET_NAME = Warikan;
			};
			name = Debug;
		};
		077B3FD91D732C280081C78B /* Release */ = {
			isa = XCBuildConfiguration;
			buildSettings = {
				INFOPLIST_FILE = WarikanUITests/Info.plist;
				LD_RUNPATH_SEARCH_PATHS = "$(inherited) @executable_path/Frameworks @loader_path/Frameworks";
				PRODUCT_BUNDLE_IDENTIFIER = com.sgtmt.jp.WarikanUITests;
				PRODUCT_NAME = "$(TARGET_NAME)";
				TEST_TARGET_NAME = Warikan;
			};
			name = Release;
		};
/* End XCBuildConfiguration section */

/* Begin XCConfigurationList section */
		070FA9EC1D6F5964000D277B /* Build configuration list for PBXProject "Warikan" */ = {
			isa = XCConfigurationList;
			buildConfigurations = (
				070FAA011D6F5977000D277B /* Debug */,
				070FAA021D6F5978000D277B /* Release */,
			);
			defaultConfigurationIsVisible = 0;
			defaultConfigurationName = Release;
		};
		070FAA031D6F5978000D277B /* Build configuration list for PBXNativeTarget "Warikan" */ = {
			isa = XCConfigurationList;
			buildConfigurations = (
				070FAA041D6F5978000D277B /* Debug */,
				070FAA051D6F5978000D277B /* Release */,
			);
			defaultConfigurationIsVisible = 0;
			defaultConfigurationName = Release;
		};
		077B3FD71D732C280081C78B /* Build configuration list for PBXNativeTarget "WarikanUITests" */ = {
			isa = XCConfigurationList;
			buildConfigurations = (
				077B3FD81D732C280081C78B /* Debug */,
				077B3FD91D732C280081C78B /* Release */,
			);
			defaultConfigurationIsVisible = 0;
			defaultConfigurationName = Release;
		};
/* End XCConfigurationList section */
	};
	rootObject = 070FA9E91D6F5963000D277B /* Project object */;
}
